
Microsoft Visual Studio Solution File, Format Version 12.00
# Visual Studio Version 16
VisualStudioVersion = 16.0.30523.141
MinimumVisualStudioVersion = 10.0.40219.1
Project("{FAE04EC0-301F-11D3-BF4B-00C04F79EFBC}") = "RepairExportDateCRM", "RepairExportDateCRM\RepairExportDateCRM.csproj", "{5A2B030E-EE0C-40DC-83DA-7B37C710B42F}"
EndProject
Global
	GlobalSection(SolutionConfigurationPlatforms) = preSolution
		Debug|Any CPU = Debug|Any CPU
		Release|Any CPU = Release|Any CPU
	EndGlobalSection
	GlobalSection(ProjectConfigurationPlatforms) = postSolution
		{5A2B030E-EE0C-40DC-83DA-7B37C710B42F}.Debug|Any CPU.ActiveCfg = Debug|Any CPU
		{5A2B030E-EE0C-40DC-83DA-7B37C710B42F}.Debug|Any CPU.Build.0 = Debug|Any CPU
		{5A2B030E-EE0C-40DC-83DA-7B37C710B42F}.Release|Any CPU.ActiveCfg = Release|Any CPU
		{5A2B030E-EE0C-40DC-83DA-7B37C710B42F}.Release|Any CPU.Build.0 = Release|Any CPU
	EndGlobalSection
	GlobalSection(SolutionProperties) = preSolution
		HideSolutionNode = FALSE
	EndGlobalSection
	GlobalSection(ExtensibilityGlobals) = postSolution
		SolutionGuid = {4545476B-623B-49B8-93B1-729F8ED69D28}
	EndGlobalSection
EndGlobal
